
Microsoft Visual Studio Solution File, Format Version 12.00
# Visual Studio Version 16
VisualStudioVersion = 16.0.30711.63
MinimumVisualStudioVersion = 10.0.40219.1
Project("{FAE04EC0-301F-11D3-BF4B-00C04F79EFBC}") = "QuanLyKyTucXa", "QuanLyKyTucXa\QuanLyKyTucXa.csproj", "{76F9CF67-28B0-47D3-9D49-9004563930EE}"
EndProject
Global
	GlobalSection(SolutionConfigurationPlatforms) = preSolution
		Debug|Any CPU = Debug|Any CPU
		Release|Any CPU = Release|Any CPU
	EndGlobalSection
	GlobalSection(ProjectConfigurationPlatforms) = postSolution
		{76F9CF67-28B0-47D3-9D49-9004563930EE}.Debug|Any CPU.ActiveCfg = Debug|Any CPU
		{76F9CF67-28B0-47D3-9D49-9004563930EE}.Debug|Any CPU.Build.0 = Debug|Any CPU
		{76F9CF67-28B0-47D3-9D49-9004563930EE}.Release|Any CPU.ActiveCfg = Release|Any CPU
		{76F9CF67-28B0-47D3-9D49-9004563930EE}.Release|Any CPU.Build.0 = Release|Any CPU
	EndGlobalSection
	GlobalSection(SolutionProperties) = preSolution
		HideSolutionNode = FALSE
	EndGlobalSection
	GlobalSection(ExtensibilityGlobals) = postSolution
		SolutionGuid = {7DDE9534-257C-4900-9BEE-BC95A3BCFFD5}
	EndGlobalSection
EndGlobal
